PODS:
  - SDWebImage (5.4.1):
    - SDWebImage/Core (= 5.4.1)
  - SDWebImage/Core (5.4.1)

DEPENDENCIES:
  - SDWebImage (~> 5.0)

SPEC REPOS:
  trunk:
    - SDWebImage

SPEC CHECKSUMS:
  SDWebImage: 29c340dbdcef342bb13125553f4e19ce056b07a7

PODFILE CHECKSUM: f31ffc7312e39b08ab81c389ecbad4d6af285334

COCOAPODS: 1.8.4
