// !$*UTF8*$!
{
	archiveVersion = 1;
	classes = {
	};
	objectVersion = 51;
	objects = {

/* Begin PBXBuildFile section */
		0B2729CED28850862436F04E /* Pods_NYTFeedReader.framework in Frameworks */ = {isa = PBXBuildFile; fileRef = 375640BBCF2ED451A5A54082 /* Pods_NYTFeedReader.framework */; };
		786E5ED83E8212B178DF9C64 /* Pods_NYTFeedReaderTests.framework in Frameworks */ = {isa = PBXBuildFile; fileRef = B9CBA34DD85F5F58DAEB0420 /* Pods_NYTFeedReaderTests.framework */; };
		CA2E8A5823C224100019E107 /* AppDelegate.swift in Sources */ = {isa = PBXBuildFile; fileRef = CA2E8A5723C224100019E107 /* AppDelegate.swift */; };
		CA2E8A5C23C224100019E107 /* FeedFilterController.swift in Sources */ = {isa = PBXBuildFile; fileRef = CA2E8A5B23C224100019E107 /* FeedFilterController.swift */; };
		CA2E8A6123C224110019E107 /* Assets.xcassets in Resources */ = {isa = PBXBuildFile; fileRef = CA2E8A6023C224110019E107 /* Assets.xcassets */; };
		CA2E8A6423C224110019E107 /* LaunchScreen.storyboard in Resources */ = {isa = PBXBuildFile; fileRef = CA2E8A6223C224110019E107 /* LaunchScreen.storyboard */; };
		CA2E8A7C23C2257B0019E107 /* FeedFilterView.swift in Sources */ = {isa = PBXBuildFile; fileRef = CA2E8A7B23C2257B0019E107 /* FeedFilterView.swift */; };
		CA2E8A8023C226240019E107 /* VerticalStackView.swift in Sources */ = {isa = PBXBuildFile; fileRef = CA2E8A7F23C226240019E107 /* VerticalStackView.swift */; };
		CA2E8A8223C2264B0019E107 /* UILabel+Extension.swift in Sources */ = {isa = PBXBuildFile; fileRef = CA2E8A8123C2264B0019E107 /* UILabel+Extension.swift */; };
		CA2E8A8423C226810019E107 /* FeedFilterView+Setup.swift in Sources */ = {isa = PBXBuildFile; fileRef = CA2E8A8323C226810019E107 /* FeedFilterView+Setup.swift */; };
		CA2E8A8623C226F30019E107 /* UIView+Extension.swift in Sources */ = {isa = PBXBuildFile; fileRef = CA2E8A8523C226F30019E107 /* UIView+Extension.swift */; };
		CA2E8A8823C227370019E107 /* FeedFilterView+Actions.swift in Sources */ = {isa = PBXBuildFile; fileRef = CA2E8A8723C227370019E107 /* FeedFilterView+Actions.swift */; };
		CA2E8A8B23C229B60019E107 /* ArticlesListController.swift in Sources */ = {isa = PBXBuildFile; fileRef = CA2E8A8A23C229B60019E107 /* ArticlesListController.swift */; };
		CA2E8A8D23C229F10019E107 /* ArticlesListDataSource.swift in Sources */ = {isa = PBXBuildFile; fileRef = CA2E8A8C23C229F10019E107 /* ArticlesListDataSource.swift */; };
		CA2E8A8F23C22AA20019E107 /* ArticlesListView+Setup.swift in Sources */ = {isa = PBXBuildFile; fileRef = CA2E8A8E23C22AA20019E107 /* ArticlesListView+Setup.swift */; };
		CA2E8A9123C22B610019E107 /* ArticlesListCell.swift in Sources */ = {isa = PBXBuildFile; fileRef = CA2E8A9023C22B610019E107 /* ArticlesListCell.swift */; };
		CA2E8A9323C22BB20019E107 /* UIImageView+Extension.swift in Sources */ = {isa = PBXBuildFile; fileRef = CA2E8A9223C22BB20019E107 /* UIImageView+Extension.swift */; };
		CA2E8A9523C22BE10019E107 /* ArticlesListCell+Setup.swift in Sources */ = {isa = PBXBuildFile; fileRef = CA2E8A9423C22BE10019E107 /* ArticlesListCell+Setup.swift */; };
		CA2E8A9723C22C210019E107 /* UIStackView.swift in Sources */ = {isa = PBXBuildFile; fileRef = CA2E8A9623C22C210019E107 /* UIStackView.swift */; };
		CA2E8A9A23C22EAB0019E107 /* AppNavigator.swift in Sources */ = {isa = PBXBuildFile; fileRef = CA2E8A9923C22EAB0019E107 /* AppNavigator.swift */; };
		CA2E8A9C23C22F750019E107 /* FeedFilterNavigator.swift in Sources */ = {isa = PBXBuildFile; fileRef = CA2E8A9B23C22F750019E107 /* FeedFilterNavigator.swift */; };
		CA2E8A9F23C231CB0019E107 /* ArticleDetailController.swift in Sources */ = {isa = PBXBuildFile; fileRef = CA2E8A9E23C231CB0019E107 /* ArticleDetailController.swift */; };
		CA2E8AA123C232C50019E107 /* ArticlesListNavigator.swift in Sources */ = {isa = PBXBuildFile; fileRef = CA2E8AA023C232C50019E107 /* ArticlesListNavigator.swift */; };
		CA2E8AA323C233560019E107 /* ArticleDetailNavigator.swift in Sources */ = {isa = PBXBuildFile; fileRef = CA2E8AA223C233560019E107 /* ArticleDetailNavigator.swift */; };
		CA2E8AA723C2367B0019E107 /* NetworkingService.swift in Sources */ = {isa = PBXBuildFile; fileRef = CA2E8AA623C2367B0019E107 /* NetworkingService.swift */; };
		CA2E8AA923C236920019E107 /* NativeNetworkingService.swift in Sources */ = {isa = PBXBuildFile; fileRef = CA2E8AA823C236920019E107 /* NativeNetworkingService.swift */; };
		CA2E8AAC23C237EE0019E107 /* FeedArticle.swift in Sources */ = {isa = PBXBuildFile; fileRef = CA2E8AAB23C237EE0019E107 /* FeedArticle.swift */; };
		CA2E8AAF23C238100019E107 /* FeedArticleTests.swift in Sources */ = {isa = PBXBuildFile; fileRef = CA2E8AAE23C238100019E107 /* FeedArticleTests.swift */; };
		CA2E8AB123C23C680019E107 /* FeedArticleMedia.swift in Sources */ = {isa = PBXBuildFile; fileRef = CA2E8AB023C23C680019E107 /* FeedArticleMedia.swift */; };
		CA2E8AB323C23CC80019E107 /* FeedArticleMediaTests.swift in Sources */ = {isa = PBXBuildFile; fileRef = CA2E8AB223C23CC80019E107 /* FeedArticleMediaTests.swift */; };
		CA2E8AB523C2404A0019E107 /* DomainTestHelpers.swift in Sources */ = {isa = PBXBuildFile; fileRef = CA2E8AB423C2404A0019E107 /* DomainTestHelpers.swift */; };
		CA2E8AB923C243520019E107 /* NYTFeedRepository.swift in Sources */ = {isa = PBXBuildFile; fileRef = CA2E8AB823C243520019E107 /* NYTFeedRepository.swift */; };
		CA2E8ABB23C243BD0019E107 /* NYTFeedRemoteRepository.swift in Sources */ = {isa = PBXBuildFile; fileRef = CA2E8ABA23C243BD0019E107 /* NYTFeedRemoteRepository.swift */; };
		CA2E8ABE23C2453D0019E107 /* AppConfig.swift in Sources */ = {isa = PBXBuildFile; fileRef = CA2E8ABD23C2453D0019E107 /* AppConfig.swift */; };
		CA2E8AC023C245550019E107 /* AppConfig+Secrets.swift in Sources */ = {isa = PBXBuildFile; fileRef = CA2E8ABF23C245550019E107 /* AppConfig+Secrets.swift */; };
		CA2E8AC323C249070019E107 /* NYTFeedRemoteRepositoryTests.swift in Sources */ = {isa = PBXBuildFile; fileRef = CA2E8AC223C249070019E107 /* NYTFeedRemoteRepositoryTests.swift */; };
		CA2E8AC623C2593C0019E107 /* DependencyContainer.swift in Sources */ = {isa = PBXBuildFile; fileRef = CA2E8AC523C2593C0019E107 /* DependencyContainer.swift */; };
		CA2E8AC823C259610019E107 /* RepositoriesAssembly.swift in Sources */ = {isa = PBXBuildFile; fileRef = CA2E8AC723C259610019E107 /* RepositoriesAssembly.swift */; };
		CA2E8ACA23C259860019E107 /* ServicesRepository.swift in Sources */ = {isa = PBXBuildFile; fileRef = CA2E8AC923C259860019E107 /* ServicesRepository.swift */; };
		CA2E8ACD23C25A340019E107 /* ArticlesListAssembly.swift in Sources */ = {isa = PBXBuildFile; fileRef = CA2E8ACC23C25A340019E107 /* ArticlesListAssembly.swift */; };
		CAD870E823C25B2B008A80C5 /* ArticlesListViewModel.swift in Sources */ = {isa = PBXBuildFile; fileRef = CAD870E723C25B2B008A80C5 /* ArticlesListViewModel.swift */; };
		CAD870EA23C25B57008A80C5 /* Observable.swift in Sources */ = {isa = PBXBuildFile; fileRef = CAD870E923C25B57008A80C5 /* Observable.swift */; };
		CAD870ED23C25B86008A80C5 /* ObservableTests.swift in Sources */ = {isa = PBXBuildFile; fileRef = CAD870EC23C25B86008A80C5 /* ObservableTests.swift */; };
		CAD870EF23C26580008A80C5 /* FeedFilterCriteria.swift in Sources */ = {isa = PBXBuildFile; fileRef = CAD870EE23C26580008A80C5 /* FeedFilterCriteria.swift */; };
		CAD870F123C2661A008A80C5 /* FeedFilterCriteriaTests.swift in Sources */ = {isa = PBXBuildFile; fileRef = CAD870F023C2661A008A80C5 /* FeedFilterCriteriaTests.swift */; };
		CAD870F323C269C3008A80C5 /* FeedFilterAssembly.swift in Sources */ = {isa = PBXBuildFile; fileRef = CAD870F223C269C3008A80C5 /* FeedFilterAssembly.swift */; };
		CAD870F523C2818C008A80C5 /* ValuePickerView.swift in Sources */ = {isa = PBXBuildFile; fileRef = CAD870F423C2818C008A80C5 /* ValuePickerView.swift */; };
		CAD870F723C28EBB008A80C5 /* AppConfig+Repository.swift in Sources */ = {isa = PBXBuildFile; fileRef = CAD870F623C28EBB008A80C5 /* AppConfig+Repository.swift */; };
		CAD870F923C28FA9008A80C5 /* AppConfig+FeedFilter.swift in Sources */ = {isa = PBXBuildFile; fileRef = CAD870F823C28FA9008A80C5 /* AppConfig+FeedFilter.swift */; };
		CAD870FC23C29468008A80C5 /* AppConfig+Layout.swift in Sources */ = {isa = PBXBuildFile; fileRef = CAD870FB23C29468008A80C5 /* AppConfig+Layout.swift */; };
		CAD870FE23C295E4008A80C5 /* AppConfig+Font.swift in Sources */ = {isa = PBXBuildFile; fileRef = CAD870FD23C295E4008A80C5 /* AppConfig+Font.swift */; };
		CAD8710023C2972B008A80C5 /* AppConfig+Color.swift in Sources */ = {isa = PBXBuildFile; fileRef = CAD870FF23C2972B008A80C5 /* AppConfig+Color.swift */; };
		CAD8710223C29930008A80C5 /* AppConfig+ArticlesList.swift in Sources */ = {isa = PBXBuildFile; fileRef = CAD8710123C29930008A80C5 /* AppConfig+ArticlesList.swift */; };
		CAD8710423C29B5E008A80C5 /* AppConfig+Size.swift in Sources */ = {isa = PBXBuildFile; fileRef = CAD8710323C29B5E008A80C5 /* AppConfig+Size.swift */; };
		CAD8710623C29E0A008A80C5 /* AppConfig+ArticleDetail.swift in Sources */ = {isa = PBXBuildFile; fileRef = CAD8710523C29E0A008A80C5 /* AppConfig+ArticleDetail.swift */; };
/* End PBXBuildFile section */

/* Begin PBXContainerItemProxy section */
		CA2E8A6B23C224110019E107 /* PBXContainerItemProxy */ = {
			isa = PBXContainerItemProxy;
			containerPortal = CA2E8A4C23C224100019E107 /* Project object */;
			proxyType = 1;
			remoteGlobalIDString = CA2E8A5323C224100019E107;
			remoteInfo = NYTFeedReader;
		};
/* End PBXContainerItemProxy section */

/* Begin PBXFileReference section */
		1330645BEC1D41D1397E0470 /* Pods-NYTFeedReader.debug.xcconfig */ = {isa = PBXFileReference; includeInIndex = 1; lastKnownFileType = text.xcconfig; name = "Pods-NYTFeedReader.debug.xcconfig"; path = "Target Support Files/Pods-NYTFeedReader/Pods-NYTFeedReader.debug.xcconfig"; sourceTree = "<group>"; };
		375640BBCF2ED451A5A54082 /* Pods_NYTFeedReader.framework */ = {isa = PBXFileReference; explicitFileType = wrapper.framework; includeInIndex = 0; path = Pods_NYTFeedReader.framework; sourceTree = BUILT_PRODUCTS_DIR; };
		8301A3A75F03B76CE4E958C9 /* Pods-NYTFeedReaderTests.debug.xcconfig */ = {isa = PBXFileReference; includeInIndex = 1; lastKnownFileType = text.xcconfig; name = "Pods-NYTFeedReaderTests.debug.xcconfig"; path = "Target Support Files/Pods-NYTFeedReaderTests/Pods-NYTFeedReaderTests.debug.xcconfig"; sourceTree = "<group>"; };
		8F8DCF8F08D5FEDE9FC764F1 /* Pods-NYTFeedReader.release.xcconfig */ = {isa = PBXFileReference; includeInIndex = 1; lastKnownFileType = text.xcconfig; name = "Pods-NYTFeedReader.release.xcconfig"; path = "Target Support Files/Pods-NYTFeedReader/Pods-NYTFeedReader.release.xcconfig"; sourceTree = "<group>"; };
		B0151E8896ED2F9DCC54E3E3 /* Pods-NYTFeedReaderTests.release.xcconfig */ = {isa = PBXFileReference; includeInIndex = 1; lastKnownFileType = text.xcconfig; name = "Pods-NYTFeedReaderTests.release.xcconfig"; path = "Target Support Files/Pods-NYTFeedReaderTests/Pods-NYTFeedReaderTests.release.xcconfig"; sourceTree = "<group>"; };
		B9CBA34DD85F5F58DAEB0420 /* Pods_NYTFeedReaderTests.framework */ = {isa = PBXFileReference; explicitFileType = wrapper.framework; includeInIndex = 0; path = Pods_NYTFeedReaderTests.framework; sourceTree = BUILT_PRODUCTS_DIR; };
		CA2E8A5423C224100019E107 /* NYTFeedReader.app */ = {isa = PBXFileReference; explicitFileType = wrapper.application; includeInIndex = 0; path = NYTFeedReader.app; sourceTree = BUILT_PRODUCTS_DIR; };
		CA2E8A5723C224100019E107 /* AppDelegate.swift */ = {isa = PBXFileReference; lastKnownFileType = sourcecode.swift; path = AppDelegate.swift; sourceTree = "<group>"; };
		CA2E8A5B23C224100019E107 /* FeedFilterController.swift */ = {isa = PBXFileReference; lastKnownFileType = sourcecode.swift; path = FeedFilterController.swift; sourceTree = "<group>"; };
		CA2E8A6023C224110019E107 /* Assets.xcassets */ = {isa = PBXFileReference; lastKnownFileType = folder.assetcatalog; path = Assets.xcassets; sourceTree = "<group>"; };
		CA2E8A6323C224110019E107 /* Base */ = {isa = PBXFileReference; lastKnownFileType = file.storyboard; name = Base; path = Base.lproj/LaunchScreen.storyboard; sourceTree = "<group>"; };
		CA2E8A6523C224110019E107 /* Info.plist */ = {isa = PBXFileReference; lastKnownFileType = text.plist.xml; path = Info.plist; sourceTree = "<group>"; };
		CA2E8A6A23C224110019E107 /* NYTFeedReaderTests.xctest */ = {isa = PBXFileReference; explicitFileType = wrapper.cfbundle; includeInIndex = 0; path = NYTFeedReaderTests.xctest; sourceTree = BUILT_PRODUCTS_DIR; };
		CA2E8A7023C224110019E107 /* Info.plist */ = {isa = PBXFileReference; lastKnownFileType = text.plist.xml; path = Info.plist; sourceTree = "<group>"; };
		CA2E8A7B23C2257B0019E107 /* FeedFilterView.swift */ = {isa = PBXFileReference; lastKnownFileType = sourcecode.swift; path = FeedFilterView.swift; sourceTree = "<group>"; };
		CA2E8A7F23C226240019E107 /* VerticalStackView.swift */ = {isa = PBXFileReference; lastKnownFileType = sourcecode.swift; path = VerticalStackView.swift; sourceTree = "<group>"; };
		CA2E8A8123C2264B0019E107 /* UILabel+Extension.swift */ = {isa = PBXFileReference; lastKnownFileType = sourcecode.swift; path = "UILabel+Extension.swift"; sourceTree = "<group>"; };
		CA2E8A8323C226810019E107 /* FeedFilterView+Setup.swift */ = {isa = PBXFileReference; lastKnownFileType = sourcecode.swift; path = "FeedFilterView+Setup.swift"; sourceTree = "<group>"; };
		CA2E8A8523C226F30019E107 /* UIView+Extension.swift */ = {isa = PBXFileReference; lastKnownFileType = sourcecode.swift; path = "UIView+Extension.swift"; sourceTree = "<group>"; };
		CA2E8A8723C227370019E107 /* FeedFilterView+Actions.swift */ = {isa = PBXFileReference; lastKnownFileType = sourcecode.swift; path = "FeedFilterView+Actions.swift"; sourceTree = "<group>"; };
		CA2E8A8A23C229B60019E107 /* ArticlesListController.swift */ = {isa = PBXFileReference; lastKnownFileType = sourcecode.swift; path = ArticlesListController.swift; sourceTree = "<group>"; };
		CA2E8A8C23C229F10019E107 /* ArticlesListDataSource.swift */ = {isa = PBXFileReference; lastKnownFileType = sourcecode.swift; path = ArticlesListDataSource.swift; sourceTree = "<group>"; };
		CA2E8A8E23C22AA20019E107 /* ArticlesListView+Setup.swift */ = {isa = PBXFileReference; lastKnownFileType = sourcecode.swift; path = "ArticlesListView+Setup.swift"; sourceTree = "<group>"; };
		CA2E8A9023C22B610019E107 /* ArticlesListCell.swift */ = {isa = PBXFileReference; lastKnownFileType = sourcecode.swift; path = ArticlesListCell.swift; sourceTree = "<group>"; };
		CA2E8A9223C22BB20019E107 /* UIImageView+Extension.swift */ = {isa = PBXFileReference; lastKnownFileType = sourcecode.swift; path = "UIImageView+Extension.swift"; sourceTree = "<group>"; };
		CA2E8A9423C22BE10019E107 /* ArticlesListCell+Setup.swift */ = {isa = PBXFileReference; lastKnownFileType = sourcecode.swift; path = "ArticlesListCell+Setup.swift"; sourceTree = "<group>"; };
		CA2E8A9623C22C210019E107 /* UIStackView.swift */ = {isa = PBXFileReference; lastKnownFileType = sourcecode.swift; path = UIStackView.swift; sourceTree = "<group>"; };
		CA2E8A9923C22EAB0019E107 /* AppNavigator.swift */ = {isa = PBXFileReference; lastKnownFileType = sourcecode.swift; path = AppNavigator.swift; sourceTree = "<group>"; };
		CA2E8A9B23C22F750019E107 /* FeedFilterNavigator.swift */ = {isa = PBXFileReference; lastKnownFileType = sourcecode.swift; path = FeedFilterNavigator.swift; sourceTree = "<group>"; };
		CA2E8A9E23C231CB0019E107 /* ArticleDetailController.swift */ = {isa = PBXFileReference; lastKnownFileType = sourcecode.swift; path = ArticleDetailController.swift; sourceTree = "<group>"; };
		CA2E8AA023C232C50019E107 /* ArticlesListNavigator.swift */ = {isa = PBXFileReference; lastKnownFileType = sourcecode.swift; path = ArticlesListNavigator.swift; sourceTree = "<group>"; };
		CA2E8AA223C233560019E107 /* ArticleDetailNavigator.swift */ = {isa = PBXFileReference; lastKnownFileType = sourcecode.swift; path = ArticleDetailNavigator.swift; sourceTree = "<group>"; };
		CA2E8AA623C2367B0019E107 /* NetworkingService.swift */ = {isa = PBXFileReference; lastKnownFileType = sourcecode.swift; path = NetworkingService.swift; sourceTree = "<group>"; };
		CA2E8AA823C236920019E107 /* NativeNetworkingService.swift */ = {isa = PBXFileReference; lastKnownFileType = sourcecode.swift; path = NativeNetworkingService.swift; sourceTree = "<group>"; };
		CA2E8AAB23C237EE0019E107 /* FeedArticle.swift */ = {isa = PBXFileReference; lastKnownFileType = sourcecode.swift; path = FeedArticle.swift; sourceTree = "<group>"; };
		CA2E8AAE23C238100019E107 /* FeedArticleTests.swift */ = {isa = PBXFileReference; lastKnownFileType = sourcecode.swift; path = FeedArticleTests.swift; sourceTree = "<group>"; };
		CA2E8AB023C23C680019E107 /* FeedArticleMedia.swift */ = {isa = PBXFileReference; lastKnownFileType = sourcecode.swift; path = FeedArticleMedia.swift; sourceTree = "<group>"; };
		CA2E8AB223C23CC80019E107 /* FeedArticleMediaTests.swift */ = {isa = PBXFileReference; lastKnownFileType = sourcecode.swift; path = FeedArticleMediaTests.swift; sourceTree = "<group>"; };
		CA2E8AB423C2404A0019E107 /* DomainTestHelpers.swift */ = {isa = PBXFileReference; lastKnownFileType = sourcecode.swift; path = DomainTestHelpers.swift; sourceTree = "<group>"; };
		CA2E8AB823C243520019E107 /* NYTFeedRepository.swift */ = {isa = PBXFileReference; lastKnownFileType = sourcecode.swift; path = NYTFeedRepository.swift; sourceTree = "<group>"; };
		CA2E8ABA23C243BD0019E107 /* NYTFeedRemoteRepository.swift */ = {isa = PBXFileReference; lastKnownFileType = sourcecode.swift; path = NYTFeedRemoteRepository.swift; sourceTree = "<group>"; };
		CA2E8ABD23C2453D0019E107 /* AppConfig.swift */ = {isa = PBXFileReference; lastKnownFileType = sourcecode.swift; path = AppConfig.swift; sourceTree = "<group>"; };
		CA2E8ABF23C245550019E107 /* AppConfig+Secrets.swift */ = {isa = PBXFileReference; lastKnownFileType = sourcecode.swift; path = "AppConfig+Secrets.swift"; sourceTree = "<group>"; };
		CA2E8AC223C249070019E107 /* NYTFeedRemoteRepositoryTests.swift */ = {isa = PBXFileReference; lastKnownFileType = sourcecode.swift; path = NYTFeedRemoteRepositoryTests.swift; sourceTree = "<group>"; };
		CA2E8AC523C2593C0019E107 /* DependencyContainer.swift */ = {isa = PBXFileReference; lastKnownFileType = sourcecode.swift; path = DependencyContainer.swift; sourceTree = "<group>"; };
		CA2E8AC723C259610019E107 /* RepositoriesAssembly.swift */ = {isa = PBXFileReference; lastKnownFileType = sourcecode.swift; path = RepositoriesAssembly.swift; sourceTree = "<group>"; };
		CA2E8AC923C259860019E107 /* ServicesRepository.swift */ = {isa = PBXFileReference; lastKnownFileType = sourcecode.swift; path = ServicesRepository.swift; sourceTree = "<group>"; };
		CA2E8ACC23C25A340019E107 /* ArticlesListAssembly.swift */ = {isa = PBXFileReference; lastKnownFileType = sourcecode.swift; path = ArticlesListAssembly.swift; sourceTree = "<group>"; };
		CAD870E723C25B2B008A80C5 /* ArticlesListViewModel.swift */ = {isa = PBXFileReference; lastKnownFileType = sourcecode.swift; path = ArticlesListViewModel.swift; sourceTree = "<group>"; };
		CAD870E923C25B57008A80C5 /* Observable.swift */ = {isa = PBXFileReference; lastKnownFileType = sourcecode.swift; path = Observable.swift; sourceTree = "<group>"; };
		CAD870EC23C25B86008A80C5 /* ObservableTests.swift */ = {isa = PBXFileReference; lastKnownFileType = sourcecode.swift; path = ObservableTests.swift; sourceTree = "<group>"; };
		CAD870EE23C26580008A80C5 /* FeedFilterCriteria.swift */ = {isa = PBXFileReference; lastKnownFileType = sourcecode.swift; path = FeedFilterCriteria.swift; sourceTree = "<group>"; };
		CAD870F023C2661A008A80C5 /* FeedFilterCriteriaTests.swift */ = {isa = PBXFileReference; lastKnownFileType = sourcecode.swift; path = FeedFilterCriteriaTests.swift; sourceTree = "<group>"; };
		CAD870F223C269C3008A80C5 /* FeedFilterAssembly.swift */ = {isa = PBXFileReference; lastKnownFileType = sourcecode.swift; path = FeedFilterAssembly.swift; sourceTree = "<group>"; };
		CAD870F423C2818C008A80C5 /* ValuePickerView.swift */ = {isa = PBXFileReference; lastKnownFileType = sourcecode.swift; path = ValuePickerView.swift; sourceTree = "<group>"; };
		CAD870F623C28EBB008A80C5 /* AppConfig+Repository.swift */ = {isa = PBXFileReference; lastKnownFileType = sourcecode.swift; path = "AppConfig+Repository.swift"; sourceTree = "<group>"; };
		CAD870F823C28FA9008A80C5 /* AppConfig+FeedFilter.swift */ = {isa = PBXFileReference; lastKnownFileType = sourcecode.swift; path = "AppConfig+FeedFilter.swift"; sourceTree = "<group>"; };
		CAD870FB23C29468008A80C5 /* AppConfig+Layout.swift */ = {isa = PBXFileReference; lastKnownFileType = sourcecode.swift; path = "AppConfig+Layout.swift"; sourceTree = "<group>"; };
		CAD870FD23C295E4008A80C5 /* AppConfig+Font.swift */ = {isa = PBXFileReference; lastKnownFileType = sourcecode.swift; path = "AppConfig+Font.swift"; sourceTree = "<group>"; };
		CAD870FF23C2972B008A80C5 /* AppConfig+Color.swift */ = {isa = PBXFileReference; lastKnownFileType = sourcecode.swift; path = "AppConfig+Color.swift"; sourceTree = "<group>"; };
		CAD8710123C29930008A80C5 /* AppConfig+ArticlesList.swift */ = {isa = PBXFileReference; lastKnownFileType = sourcecode.swift; path = "AppConfig+ArticlesList.swift"; sourceTree = "<group>"; };
		CAD8710323C29B5E008A80C5 /* AppConfig+Size.swift */ = {isa = PBXFileReference; lastKnownFileType = sourcecode.swift; path = "AppConfig+Size.swift"; sourceTree = "<group>"; };
		CAD8710523C29E0A008A80C5 /* AppConfig+ArticleDetail.swift */ = {isa = PBXFileReference; lastKnownFileType = sourcecode.swift; path = "AppConfig+ArticleDetail.swift"; sourceTree = "<group>"; };
		CAD8710723C29E8E008A80C5 /* README.md */ = {isa = PBXFileReference; lastKnownFileType = net.daringfireball.markdown; path = README.md; sourceTree = "<group>"; };
/* End PBXFileReference section */

/* Begin PBXFrameworksBuildPhase section */
		CA2E8A5123C224100019E107 /* Frameworks */ = {
			isa = PBXFrameworksBuildPhase;
			buildActionMask = 2147483647;
			files = (
				0B2729CED28850862436F04E /* Pods_NYTFeedReader.framework in Frameworks */,
			);
			runOnlyForDeploymentPostprocessing = 0;
		};
		CA2E8A6723C224110019E107 /* Frameworks */ = {
			isa = PBXFrameworksBuildPhase;
			buildActionMask = 2147483647;
			files = (
				786E5ED83E8212B178DF9C64 /* Pods_NYTFeedReaderTests.framework in Frameworks */,
			);
			runOnlyForDeploymentPostprocessing = 0;
		};
/* End PBXFrameworksBuildPhase section */

/* Begin PBXGroup section */
		0780788ED8A056F6DABEEBED /* Frameworks */ = {
			isa = PBXGroup;
			children = (
				375640BBCF2ED451A5A54082 /* Pods_NYTFeedReader.framework */,
				B9CBA34DD85F5F58DAEB0420 /* Pods_NYTFeedReaderTests.framework */,
			);
			name = Frameworks;
			sourceTree = "<group>";
		};
		87E5BA678DE43BC552C6AED8 /* Pods */ = {
			isa = PBXGroup;
			children = (
				1330645BEC1D41D1397E0470 /* Pods-NYTFeedReader.debug.xcconfig */,
				8F8DCF8F08D5FEDE9FC764F1 /* Pods-NYTFeedReader.release.xcconfig */,
				8301A3A75F03B76CE4E958C9 /* Pods-NYTFeedReaderTests.debug.xcconfig */,
				B0151E8896ED2F9DCC54E3E3 /* Pods-NYTFeedReaderTests.release.xcconfig */,
			);
			path = Pods;
			sourceTree = "<group>";
		};
		CA2E8A4B23C224100019E107 = {
			isa = PBXGroup;
			children = (
				CAD8710723C29E8E008A80C5 /* README.md */,
				CA2E8A5623C224100019E107 /* NYTFeedReader */,
				CA2E8A6D23C224110019E107 /* NYTFeedReaderTests */,
				CA2E8A5523C224100019E107 /* Products */,
				87E5BA678DE43BC552C6AED8 /* Pods */,
				0780788ED8A056F6DABEEBED /* Frameworks */,
			);
			sourceTree = "<group>";
		};
		CA2E8A5523C224100019E107 /* Products */ = {
			isa = PBXGroup;
			children = (
				CA2E8A5423C224100019E107 /* NYTFeedReader.app */,
				CA2E8A6A23C224110019E107 /* NYTFeedReaderTests.xctest */,
			);
			name = Products;
			sourceTree = "<group>";
		};
		CA2E8A5623C224100019E107 /* NYTFeedReader */ = {
			isa = PBXGroup;
			children = (
				CA2E8AC423C2592E0019E107 /* Assembly */,
				CA2E8ABC23C245260019E107 /* Config */,
				CA2E8AAA23C237D30019E107 /* Domain */,
				CA2E8A7D23C225F20019E107 /* Helpers */,
				CA2E8A9823C22E8D0019E107 /* Navigation */,
				CA2E8AB623C243330019E107 /* Repository */,
				CA2E8A7923C225380019E107 /* Scene */,
				CA2E8AA423C236670019E107 /* Service */,
				CA2E8A5723C224100019E107 /* AppDelegate.swift */,
				CA2E8A6023C224110019E107 /* Assets.xcassets */,
				CA2E8A6223C224110019E107 /* LaunchScreen.storyboard */,
				CA2E8A6523C224110019E107 /* Info.plist */,
			);
			path = NYTFeedReader;
			sourceTree = "<group>";
		};
		CA2E8A6D23C224110019E107 /* NYTFeedReaderTests */ = {
			isa = PBXGroup;
			children = (
				CA2E8AAD23C238040019E107 /* Domain */,
				CA2E8AC123C248E70019E107 /* Repository */,
				CAD870EB23C25B73008A80C5 /* Services */,
				CA2E8A7023C224110019E107 /* Info.plist */,
			);
			path = NYTFeedReaderTests;
			sourceTree = "<group>";
		};
		CA2E8A7923C225380019E107 /* Scene */ = {
			isa = PBXGroup;
			children = (
				CA2E8A7A23C225420019E107 /* FeedFilter */,
				CA2E8A8923C229920019E107 /* ArticlesList */,
				CA2E8A9D23C231900019E107 /* ArticleDetail */,
			);
			path = Scene;
			sourceTree = "<group>";
		};
		CA2E8A7A23C225420019E107 /* FeedFilter */ = {
			isa = PBXGroup;
			children = (
				CA2E8A5B23C224100019E107 /* FeedFilterController.swift */,
				CA2E8A7B23C2257B0019E107 /* FeedFilterView.swift */,
				CA2E8A8323C226810019E107 /* FeedFilterView+Setup.swift */,
				CA2E8A8723C227370019E107 /* FeedFilterView+Actions.swift */,
				CAD870F423C2818C008A80C5 /* ValuePickerView.swift */,
			);
			path = FeedFilter;
			sourceTree = "<group>";
		};
		CA2E8A7D23C225F20019E107 /* Helpers */ = {
			isa = PBXGroup;
			children = (
				CA2E8A7E23C225FF0019E107 /* UIKit */,
				CAD870E923C25B57008A80C5 /* Observable.swift */,
			);
			path = Helpers;
			sourceTree = "<group>";
		};
		CA2E8A7E23C225FF0019E107 /* UIKit */ = {
			isa = PBXGroup;
			children = (
				CA2E8A7F23C226240019E107 /* VerticalStackView.swift */,
				CA2E8A8123C2264B0019E107 /* UILabel+Extension.swift */,
				CA2E8A8523C226F30019E107 /* UIView+Extension.swift */,
				CA2E8A9223C22BB20019E107 /* UIImageView+Extension.swift */,
				CA2E8A9623C22C210019E107 /* UIStackView.swift */,
			);
			path = UIKit;
			sourceTree = "<group>";
		};
		CA2E8A8923C229920019E107 /* ArticlesList */ = {
			isa = PBXGroup;
			children = (
				CA2E8A8A23C229B60019E107 /* ArticlesListController.swift */,
				CA2E8A8E23C22AA20019E107 /* ArticlesListView+Setup.swift */,
				CA2E8A8C23C229F10019E107 /* ArticlesListDataSource.swift */,
				CA2E8A9023C22B610019E107 /* ArticlesListCell.swift */,
				CA2E8A9423C22BE10019E107 /* ArticlesListCell+Setup.swift */,
				CAD870E723C25B2B008A80C5 /* ArticlesListViewModel.swift */,
			);
			path = ArticlesList;
			sourceTree = "<group>";
		};
		CA2E8A9823C22E8D0019E107 /* Navigation */ = {
			isa = PBXGroup;
			children = (
				CA2E8A9923C22EAB0019E107 /* AppNavigator.swift */,
				CA2E8A9B23C22F750019E107 /* FeedFilterNavigator.swift */,
				CA2E8AA023C232C50019E107 /* ArticlesListNavigator.swift */,
				CA2E8AA223C233560019E107 /* ArticleDetailNavigator.swift */,
			);
			path = Navigation;
			sourceTree = "<group>";
		};
		CA2E8A9D23C231900019E107 /* ArticleDetail */ = {
			isa = PBXGroup;
			children = (
				CA2E8A9E23C231CB0019E107 /* ArticleDetailController.swift */,
			);
			path = ArticleDetail;
			sourceTree = "<group>";
		};
		CA2E8AA423C236670019E107 /* Service */ = {
			isa = PBXGroup;
			children = (
				CA2E8AA523C2366D0019E107 /* Networking */,
			);
			path = Service;
			sourceTree = "<group>";
		};
		CA2E8AA523C2366D0019E107 /* Networking */ = {
			isa = PBXGroup;
			children = (
				CA2E8AA623C2367B0019E107 /* NetworkingService.swift */,
				CA2E8AA823C236920019E107 /* NativeNetworkingService.swift */,
			);
			path = Networking;
			sourceTree = "<group>";
		};
		CA2E8AAA23C237D30019E107 /* Domain */ = {
			isa = PBXGroup;
			children = (
				CA2E8AAB23C237EE0019E107 /* FeedArticle.swift */,
				CA2E8AB023C23C680019E107 /* FeedArticleMedia.swift */,
				CAD870EE23C26580008A80C5 /* FeedFilterCriteria.swift */,
			);
			path = Domain;
			sourceTree = "<group>";
		};
		CA2E8AAD23C238040019E107 /* Domain */ = {
			isa = PBXGroup;
			children = (
				CA2E8AAE23C238100019E107 /* FeedArticleTests.swift */,
				CA2E8AB223C23CC80019E107 /* FeedArticleMediaTests.swift */,
				CAD870F023C2661A008A80C5 /* FeedFilterCriteriaTests.swift */,
				CA2E8AB423C2404A0019E107 /* DomainTestHelpers.swift */,
			);
			path = Domain;
			sourceTree = "<group>";
		};
		CA2E8AB623C243330019E107 /* Repository */ = {
			isa = PBXGroup;
			children = (
				CA2E8AB723C243430019E107 /* NYTFeed */,
			);
			path = Repository;
			sourceTree = "<group>";
		};
		CA2E8AB723C243430019E107 /* NYTFeed */ = {
			isa = PBXGroup;
			children = (
				CA2E8AB823C243520019E107 /* NYTFeedRepository.swift */,
				CA2E8ABA23C243BD0019E107 /* NYTFeedRemoteRepository.swift */,
			);
			path = NYTFeed;
			sourceTree = "<group>";
		};
		CA2E8ABC23C245260019E107 /* Config */ = {
			isa = PBXGroup;
			children = (
				CAD870FA23C292E1008A80C5 /* Scenes */,
				CA2E8ABD23C2453D0019E107 /* AppConfig.swift */,
				CAD870FF23C2972B008A80C5 /* AppConfig+Color.swift */,
				CAD870FD23C295E4008A80C5 /* AppConfig+Font.swift */,
				CAD870FB23C29468008A80C5 /* AppConfig+Layout.swift */,
				CAD870F623C28EBB008A80C5 /* AppConfig+Repository.swift */,
				CA2E8ABF23C245550019E107 /* AppConfig+Secrets.swift */,
				CAD8710323C29B5E008A80C5 /* AppConfig+Size.swift */,
			);
			path = Config;
			sourceTree = "<group>";
		};
		CA2E8AC123C248E70019E107 /* Repository */ = {
			isa = PBXGroup;
			children = (
				CA2E8AC223C249070019E107 /* NYTFeedRemoteRepositoryTests.swift */,
			);
			path = Repository;
			sourceTree = "<group>";
		};
		CA2E8AC423C2592E0019E107 /* Assembly */ = {
			isa = PBXGroup;
			children = (
				CA2E8ACB23C25A1E0019E107 /* Scenes */,
				CA2E8AC523C2593C0019E107 /* DependencyContainer.swift */,
				CA2E8AC723C259610019E107 /* RepositoriesAssembly.swift */,
				CA2E8AC923C259860019E107 /* ServicesRepository.swift */,
			);
			path = Assembly;
			sourceTree = "<group>";
		};
		CA2E8ACB23C25A1E0019E107 /* Scenes */ = {
			isa = PBXGroup;
			children = (
				CA2E8ACC23C25A340019E107 /* ArticlesListAssembly.swift */,
				CAD870F223C269C3008A80C5 /* FeedFilterAssembly.swift */,
			);
			path = Scenes;
			sourceTree = "<group>";
		};
		CAD870EB23C25B73008A80C5 /* Services */ = {
			isa = PBXGroup;
			children = (
				CAD870EC23C25B86008A80C5 /* ObservableTests.swift */,
			);
			path = Services;
			sourceTree = "<group>";
		};
		CAD870FA23C292E1008A80C5 /* Scenes */ = {
			isa = PBXGroup;
			children = (
				CAD870F823C28FA9008A80C5 /* AppConfig+FeedFilter.swift */,
				CAD8710123C29930008A80C5 /* AppConfig+ArticlesList.swift */,
				CAD8710523C29E0A008A80C5 /* AppConfig+ArticleDetail.swift */,
			);
			path = Scenes;
			sourceTree = "<group>";
		};
/* End PBXGroup section */

/* Begin PBXNativeTarget section */
		CA2E8A5323C224100019E107 /* NYTFeedReader */ = {
			isa = PBXNativeTarget;
			buildConfigurationList = CA2E8A7323C224110019E107 /* Build configuration list for PBXNativeTarget "NYTFeedReader" */;
			buildPhases = (
				3F125AFCE8DA2DDB2D3D2A9D /* [CP] Check Pods Manifest.lock */,
				CA2E8A5023C224100019E107 /* Sources */,
				CA2E8A5123C224100019E107 /* Frameworks */,
				CA2E8A5223C224100019E107 /* Resources */,
				7B52FE231493BC58BA647107 /* [CP] Embed Pods Frameworks */,
			);
			buildRules = (
			);
			dependencies = (
			);
			name = NYTFeedReader;
			productName = NYTFeedReader;
			productReference = CA2E8A5423C224100019E107 /* NYTFeedReader.app */;
			productType = "com.apple.product-type.application";
		};
		CA2E8A6923C224110019E107 /* NYTFeedReaderTests */ = {
			isa = PBXNativeTarget;
			buildConfigurationList = CA2E8A7623C224110019E107 /* Build configuration list for PBXNativeTarget "NYTFeedReaderTests" */;
			buildPhases = (
				813568AB7F7DF26D632F3249 /* [CP] Check Pods Manifest.lock */,
				CA2E8A6623C224110019E107 /* Sources */,
				CA2E8A6723C224110019E107 /* Frameworks */,
				CA2E8A6823C224110019E107 /* Resources */,
			);
			buildRules = (
			);
			dependencies = (
				CA2E8A6C23C224110019E107 /* PBXTargetDependency */,
			);
			name = NYTFeedReaderTests;
			productName = NYTFeedReaderTests;
			productReference = CA2E8A6A23C224110019E107 /* NYTFeedReaderTests.xctest */;
			productType = "com.apple.product-type.bundle.unit-test";
		};
/* End PBXNativeTarget section */

/* Begin PBXProject section */
		CA2E8A4C23C224100019E107 /* Project object */ = {
			isa = PBXProject;
			attributes = {
				LastSwiftUpdateCheck = 1130;
				LastUpgradeCheck = 1130;
				ORGANIZATIONNAME = "Jero Sánchez";
				TargetAttributes = {
					CA2E8A5323C224100019E107 = {
						CreatedOnToolsVersion = 11.3;
					};
					CA2E8A6923C224110019E107 = {
						CreatedOnToolsVersion = 11.3;
						TestTargetID = CA2E8A5323C224100019E107;
					};
				};
			};
			buildConfigurationList = CA2E8A4F23C224100019E107 /* Build configuration list for PBXProject "NYTFeedReader" */;
			compatibilityVersion = "Xcode 9.3";
			developmentRegion = en;
			hasScannedForEncodings = 0;
			knownRegions = (
				en,
				Base,
			);
			mainGroup = CA2E8A4B23C224100019E107;
			productRefGroup = CA2E8A5523C224100019E107 /* Products */;
			projectDirPath = "";
			projectRoot = "";
			targets = (
				CA2E8A5323C224100019E107 /* NYTFeedReader */,
				CA2E8A6923C224110019E107 /* NYTFeedReaderTests */,
			);
		};
/* End PBXProject section */

/* Begin PBXResourcesBuildPhase section */
		CA2E8A5223C224100019E107 /* Resources */ = {
			isa = PBXResourcesBuildPhase;
			buildActionMask = 2147483647;
			files = (
				CA2E8A6423C224110019E107 /* LaunchScreen.storyboard in Resources */,
				CA2E8A6123C224110019E107 /* Assets.xcassets in Resources */,
			);
			runOnlyForDeploymentPostprocessing = 0;
		};
		CA2E8A6823C224110019E107 /* Resources */ = {
			isa = PBXResourcesBuildPhase;
			buildActionMask = 2147483647;
			files = (
			);
			runOnlyForDeploymentPostprocessing = 0;
		};
/* End PBXResourcesBuildPhase section */

/* Begin PBXShellScriptBuildPhase section */
		3F125AFCE8DA2DDB2D3D2A9D /* [CP] Check Pods Manifest.lock */ = {
			isa = PBXShellScriptBuildPhase;
			buildActionMask = 2147483647;
			files = (
			);
			inputFileListPaths = (
			);
			inputPaths = (
				"${PODS_PODFILE_DIR_PATH}/Podfile.lock",
				"${PODS_ROOT}/Manifest.lock",
			);
			name = "[CP] Check Pods Manifest.lock";
			outputFileListPaths = (
			);
			outputPaths = (
				"$(DERIVED_FILE_DIR)/Pods-NYTFeedReader-checkManifestLockResult.txt",
			);
			runOnlyForDeploymentPostprocessing = 0;
			shellPath = /bin/sh;
			shellScript = "diff \"${PODS_PODFILE_DIR_PATH}/Podfile.lock\" \"${PODS_ROOT}/Manifest.lock\" > /dev/null\nif [ $? != 0 ] ; then\n    # print error to STDERR\n    echo \"error: The sandbox is not in sync with the Podfile.lock. Run 'pod install' or update your CocoaPods installation.\" >&2\n    exit 1\nfi\n# This output is used by Xcode 'outputs' to avoid re-running this script phase.\necho \"SUCCESS\" > \"${SCRIPT_OUTPUT_FILE_0}\"\n";
			showEnvVarsInLog = 0;
		};
		7B52FE231493BC58BA647107 /* [CP] Embed Pods Frameworks */ = {
			isa = PBXShellScriptBuildPhase;
			buildActionMask = 2147483647;
			files = (
			);
			inputFileListPaths = (
				"${PODS_ROOT}/Target Support Files/Pods-NYTFeedReader/Pods-NYTFeedReader-frameworks-${CONFIGURATION}-input-files.xcfilelist",
			);
			name = "[CP] Embed Pods Frameworks";
			outputFileListPaths = (
				"${PODS_ROOT}/Target Support Files/Pods-NYTFeedReader/Pods-NYTFeedReader-frameworks-${CONFIGURATION}-output-files.xcfilelist",
			);
			runOnlyForDeploymentPostprocessing = 0;
			shellPath = /bin/sh;
			shellScript = "\"${PODS_ROOT}/Target Support Files/Pods-NYTFeedReader/Pods-NYTFeedReader-frameworks.sh\"\n";
			showEnvVarsInLog = 0;
		};
		813568AB7F7DF26D632F3249 /* [CP] Check Pods Manifest.lock */ = {
			isa = PBXShellScriptBuildPhase;
			buildActionMask = 2147483647;
			files = (
			);
			inputFileListPaths = (
			);
			inputPaths = (
				"${PODS_PODFILE_DIR_PATH}/Podfile.lock",
				"${PODS_ROOT}/Manifest.lock",
			);
			name = "[CP] Check Pods Manifest.lock";
			outputFileListPaths = (
			);
			outputPaths = (
				"$(DERIVED_FILE_DIR)/Pods-NYTFeedReaderTests-checkManifestLockResult.txt",
			);
			runOnlyForDeploymentPostprocessing = 0;
			shellPath = /bin/sh;
			shellScript = "diff \"${PODS_PODFILE_DIR_PATH}/Podfile.lock\" \"${PODS_ROOT}/Manifest.lock\" > /dev/null\nif [ $? != 0 ] ; then\n    # print error to STDERR\n    echo \"error: The sandbox is not in sync with the Podfile.lock. Run 'pod install' or update your CocoaPods installation.\" >&2\n    exit 1\nfi\n# This output is used by Xcode 'outputs' to avoid re-running this script phase.\necho \"SUCCESS\" > \"${SCRIPT_OUTPUT_FILE_0}\"\n";
			showEnvVarsInLog = 0;
		};
/* End PBXShellScriptBuildPhase section */

/* Begin PBXSourcesBuildPhase section */
		CA2E8A5023C224100019E107 /* Sources */ = {
			isa = PBXSourcesBuildPhase;
			buildActionMask = 2147483647;
			files = (
				CA2E8AC623C2593C0019E107 /* DependencyContainer.swift in Sources */,
				CAD8710023C2972B008A80C5 /* AppConfig+Color.swift in Sources */,
				CAD870FC23C29468008A80C5 /* AppConfig+Layout.swift in Sources */,
				CA2E8AC823C259610019E107 /* RepositoriesAssembly.swift in Sources */,
				CA2E8ABE23C2453D0019E107 /* AppConfig.swift in Sources */,
				CA2E8AC023C245550019E107 /* AppConfig+Secrets.swift in Sources */,
				CA2E8A9123C22B610019E107 /* ArticlesListCell.swift in Sources */,
				CA2E8AB123C23C680019E107 /* FeedArticleMedia.swift in Sources */,
				CA2E8AA323C233560019E107 /* ArticleDetailNavigator.swift in Sources */,
				CAD8710623C29E0A008A80C5 /* AppConfig+ArticleDetail.swift in Sources */,
				CA2E8A9C23C22F750019E107 /* FeedFilterNavigator.swift in Sources */,
				CA2E8ACD23C25A340019E107 /* ArticlesListAssembly.swift in Sources */,
				CAD870F723C28EBB008A80C5 /* AppConfig+Repository.swift in Sources */,
				CAD870F323C269C3008A80C5 /* FeedFilterAssembly.swift in Sources */,
				CAD8710223C29930008A80C5 /* AppConfig+ArticlesList.swift in Sources */,
				CAD870EF23C26580008A80C5 /* FeedFilterCriteria.swift in Sources */,
				CA2E8ACA23C259860019E107 /* ServicesRepository.swift in Sources */,
				CA2E8A8B23C229B60019E107 /* ArticlesListController.swift in Sources */,
				CA2E8A9523C22BE10019E107 /* ArticlesListCell+Setup.swift in Sources */,
				CAD870EA23C25B57008A80C5 /* Observable.swift in Sources */,
				CA2E8A9323C22BB20019E107 /* UIImageView+Extension.swift in Sources */,
				CA2E8A8823C227370019E107 /* FeedFilterView+Actions.swift in Sources */,
				CA2E8A5C23C224100019E107 /* FeedFilterController.swift in Sources */,
				CA2E8AA923C236920019E107 /* NativeNetworkingService.swift in Sources */,
				CAD870FE23C295E4008A80C5 /* AppConfig+Font.swift in Sources */,
				CA2E8A8623C226F30019E107 /* UIView+Extension.swift in Sources */,
				CA2E8ABB23C243BD0019E107 /* NYTFeedRemoteRepository.swift in Sources */,
				CA2E8A9723C22C210019E107 /* UIStackView.swift in Sources */,
				CA2E8A8F23C22AA20019E107 /* ArticlesListView+Setup.swift in Sources */,
				CAD870F523C2818C008A80C5 /* ValuePickerView.swift in Sources */,
				CA2E8A9A23C22EAB0019E107 /* AppNavigator.swift in Sources */,
				CA2E8AA723C2367B0019E107 /* NetworkingService.swift in Sources */,
				CA2E8A8023C226240019E107 /* VerticalStackView.swift in Sources */,
				CA2E8AA123C232C50019E107 /* ArticlesListNavigator.swift in Sources */,
				CA2E8A8223C2264B0019E107 /* UILabel+Extension.swift in Sources */,
				CA2E8A7C23C2257B0019E107 /* FeedFilterView.swift in Sources */,
				CA2E8A8D23C229F10019E107 /* ArticlesListDataSource.swift in Sources */,
				CAD8710423C29B5E008A80C5 /* AppConfig+Size.swift in Sources */,
				CAD870E823C25B2B008A80C5 /* ArticlesListViewModel.swift in Sources */,
				CA2E8AB923C243520019E107 /* NYTFeedRepository.swift in Sources */,
				CA2E8A9F23C231CB0019E107 /* ArticleDetailController.swift in Sources */,
				CA2E8A8423C226810019E107 /* FeedFilterView+Setup.swift in Sources */,
				CAD870F923C28FA9008A80C5 /* AppConfig+FeedFilter.swift in Sources */,
				CA2E8AAC23C237EE0019E107 /* FeedArticle.swift in Sources */,
				CA2E8A5823C224100019E107 /* AppDelegate.swift in Sources */,
			);
			runOnlyForDeploymentPostprocessing = 0;
		};
		CA2E8A6623C224110019E107 /* Sources */ = {
			isa = PBXSourcesBuildPhase;
			buildActionMask = 2147483647;
			files = (
				CA2E8AAF23C238100019E107 /* FeedArticleTests.swift in Sources */,
				CA2E8AB323C23CC80019E107 /* FeedArticleMediaTests.swift in Sources */,
				CAD870F123C2661A008A80C5 /* FeedFilterCriteriaTests.swift in Sources */,
				CA2E8AB523C2404A0019E107 /* DomainTestHelpers.swift in Sources */,
				CAD870ED23C25B86008A80C5 /* ObservableTests.swift in Sources */,
				CA2E8AC323C249070019E107 /* NYTFeedRemoteRepositoryTests.swift in Sources */,
			);
			runOnlyForDeploymentPostprocessing = 0;
		};
/* End PBXSourcesBuildPhase section */

/* Begin PBXTargetDependency section */
		CA2E8A6C23C224110019E107 /* PBXTargetDependency */ = {
			isa = PBXTargetDependency;
			target = CA2E8A5323C224100019E107 /* NYTFeedReader */;
			targetProxy = CA2E8A6B23C224110019E107 /* PBXContainerItemProxy */;
		};
/* End PBXTargetDependency section */

/* Begin PBXVariantGroup section */
		CA2E8A6223C224110019E107 /* LaunchScreen.storyboard */ = {
			isa = PBXVariantGroup;
			children = (
				CA2E8A6323C224110019E107 /* Base */,
			);
			name = LaunchScreen.storyboard;
			sourceTree = "<group>";
		};
/* End PBXVariantGroup section */

/* Begin XCBuildConfiguration section */
		CA2E8A7123C224110019E107 /* Debug */ = {
			isa = XCBuildConfiguration;
			buildSettings = {
				ALWAYS_SEARCH_USER_PATHS = NO;
				CLANG_ANALYZER_NONNULL = YES;
				CLANG_ANALYZER_NUMBER_OBJECT_CONVERSION = YES_AGGRESSIVE;
				CLANG_CXX_LANGUAGE_STANDARD = "gnu++14";
				CLANG_CXX_LIBRARY = "libc++";
				CLANG_ENABLE_MODULES = YES;
				CLANG_ENABLE_OBJC_ARC = YES;
				CLANG_ENABLE_OBJC_WEAK = YES;
				CLANG_WARN_BLOCK_CAPTURE_AUTORELEASING = YES;
				CLANG_WARN_BOOL_CONVERSION = YES;
				CLANG_WARN_COMMA = YES;
				CLANG_WARN_CONSTANT_CONVERSION = YES;
				CLANG_WARN_DEPRECATED_OBJC_IMPLEMENTATIONS = YES;
				CLANG_WARN_DIRECT_OBJC_ISA_USAGE = YES_ERROR;
				CLANG_WARN_DOCUMENTATION_COMMENTS = YES;
				CLANG_WARN_EMPTY_BODY = YES;
				CLANG_WARN_ENUM_CONVERSION = YES;
				CLANG_WARN_INFINITE_RECURSION = YES;
				CLANG_WARN_INT_CONVERSION = YES;
				CLANG_WARN_NON_LITERAL_NULL_CONVERSION = YES;
				CLANG_WARN_OBJC_IMPLICIT_RETAIN_SELF = YES;
				CLANG_WARN_OBJC_LITERAL_CONVERSION = YES;
				CLANG_WARN_OBJC_ROOT_CLASS = YES_ERROR;
				CLANG_WARN_RANGE_LOOP_ANALYSIS = YES;
				CLANG_WARN_STRICT_PROTOTYPES = YES;
				CLANG_WARN_SUSPICIOUS_MOVE = YES;
				CLANG_WARN_UNGUARDED_AVAILABILITY = YES_AGGRESSIVE;
				CLANG_WARN_UNREACHABLE_CODE = YES;
				CLANG_WARN__DUPLICATE_METHOD_MATCH = YES;
				COPY_PHASE_STRIP = NO;
				DEBUG_INFORMATION_FORMAT = dwarf;
				ENABLE_STRICT_OBJC_MSGSEND = YES;
				ENABLE_TESTABILITY = YES;
				GCC_C_LANGUAGE_STANDARD = gnu11;
				GCC_DYNAMIC_NO_PIC = NO;
				GCC_NO_COMMON_BLOCKS = YES;
				GCC_OPTIMIZATION_LEVEL = 0;
				GCC_PREPROCESSOR_DEFINITIONS = (
					"DEBUG=1",
					"$(inherited)",
				);
				GCC_WARN_64_TO_32_BIT_CONVERSION = YES;
				GCC_WARN_ABOUT_RETURN_TYPE = YES_ERROR;
				GCC_WARN_UNDECLARED_SELECTOR = YES;
				GCC_WARN_UNINITIALIZED_AUTOS = YES_AGGRESSIVE;
				GCC_WARN_UNUSED_FUNCTION = YES;
				GCC_WARN_UNUSED_VARIABLE = YES;
				IPHONEOS_DEPLOYMENT_TARGET = 13.2;
				MTL_ENABLE_DEBUG_INFO = INCLUDE_SOURCE;
				MTL_FAST_MATH = YES;
				ONLY_ACTIVE_ARCH = YES;
				SDKROOT = iphoneos;
				SWIFT_ACTIVE_COMPILATION_CONDITIONS = DEBUG;
				SWIFT_OPTIMIZATION_LEVEL = "-Onone";
			};
			name = Debug;
		};
		CA2E8A7223C224110019E107 /* Release */ = {
			isa = XCBuildConfiguration;
			buildSettings = {
				ALWAYS_SEARCH_USER_PATHS = NO;
				CLANG_ANALYZER_NONNULL = YES;
				CLANG_ANALYZER_NUMBER_OBJECT_CONVERSION = YES_AGGRESSIVE;
				CLANG_CXX_LANGUAGE_STANDARD = "gnu++14";
				CLANG_CXX_LIBRARY = "libc++";
				CLANG_ENABLE_MODULES = YES;
				CLANG_ENABLE_OBJC_ARC = YES;
				CLANG_ENABLE_OBJC_WEAK = YES;
				CLANG_WARN_BLOCK_CAPTURE_AUTORELEASING = YES;
				CLANG_WARN_BOOL_CONVERSION = YES;
				CLANG_WARN_COMMA = YES;
				CLANG_WARN_CONSTANT_CONVERSION = YES;
				CLANG_WARN_DEPRECATED_OBJC_IMPLEMENTATIONS = YES;
				CLANG_WARN_DIRECT_OBJC_ISA_USAGE = YES_ERROR;
				CLANG_WARN_DOCUMENTATION_COMMENTS = YES;
				CLANG_WARN_EMPTY_BODY = YES;
				CLANG_WARN_ENUM_CONVERSION = YES;
				CLANG_WARN_INFINITE_RECURSION = YES;
				CLANG_WARN_INT_CONVERSION = YES;
				CLANG_WARN_NON_LITERAL_NULL_CONVERSION = YES;
				CLANG_WARN_OBJC_IMPLICIT_RETAIN_SELF = YES;
				CLANG_WARN_OBJC_LITERAL_CONVERSION = YES;
				CLANG_WARN_OBJC_ROOT_CLASS = YES_ERROR;
				CLANG_WARN_RANGE_LOOP_ANALYSIS = YES;
				CLANG_WARN_STRICT_PROTOTYPES = YES;
				CLANG_WARN_SUSPICIOUS_MOVE = YES;
				CLANG_WARN_UNGUARDED_AVAILABILITY = YES_AGGRESSIVE;
				CLANG_WARN_UNREACHABLE_CODE = YES;
				CLANG_WARN__DUPLICATE_METHOD_MATCH = YES;
				COPY_PHASE_STRIP = NO;
				DEBUG_INFORMATION_FORMAT = "dwarf-with-dsym";
				ENABLE_NS_ASSERTIONS = NO;
				ENABLE_STRICT_OBJC_MSGSEND = YES;
				GCC_C_LANGUAGE_STANDARD = gnu11;
				GCC_NO_COMMON_BLOCKS = YES;
				GCC_WARN_64_TO_32_BIT_CONVERSION = YES;
				GCC_WARN_ABOUT_RETURN_TYPE = YES_ERROR;
				GCC_WARN_UNDECLARED_SELECTOR = YES;
				GCC_WARN_UNINITIALIZED_AUTOS = YES_AGGRESSIVE;
				GCC_WARN_UNUSED_FUNCTION = YES;
				GCC_WARN_UNUSED_VARIABLE = YES;
				IPHONEOS_DEPLOYMENT_TARGET = 13.2;
				MTL_ENABLE_DEBUG_INFO = NO;
				MTL_FAST_MATH = YES;
				SDKROOT = iphoneos;
				SWIFT_COMPILATION_MODE = wholemodule;
				SWIFT_OPTIMIZATION_LEVEL = "-O";
				VALIDATE_PRODUCT = YES;
			};
			name = Release;
		};
		CA2E8A7423C224110019E107 /* Debug */ = {
			isa = XCBuildConfiguration;
			baseConfigurationReference = 1330645BEC1D41D1397E0470 /* Pods-NYTFeedReader.debug.xcconfig */;
			buildSettings = {
				ASSETCATALOG_COMPILER_APPICON_NAME = AppIcon;
				CODE_SIGN_STYLE = Automatic;
				DEVELOPMENT_TEAM = Z69GNQ6AMF;
				INFOPLIST_FILE = NYTFeedReader/Info.plist;
				IPHONEOS_DEPLOYMENT_TARGET = 12.0;
				LD_RUNPATH_SEARCH_PATHS = (
					"$(inherited)",
					"@executable_path/Frameworks",
				);
				PRODUCT_BUNDLE_IDENTIFIER = dev.jerosanchez.NYTFeedReader;
				PRODUCT_NAME = "$(TARGET_NAME)";
				SWIFT_VERSION = 5.0;
				TARGETED_DEVICE_FAMILY = 1;
			};
			name = Debug;
		};
		CA2E8A7523C224110019E107 /* Release */ = {
			isa = XCBuildConfiguration;
			baseConfigurationReference = 8F8DCF8F08D5FEDE9FC764F1 /* Pods-NYTFeedReader.release.xcconfig */;
			buildSettings = {
				ASSETCATALOG_COMPILER_APPICON_NAME = AppIcon;
				CODE_SIGN_STYLE = Automatic;
				DEVELOPMENT_TEAM = Z69GNQ6AMF;
				INFOPLIST_FILE = NYTFeedReader/Info.plist;
				IPHONEOS_DEPLOYMENT_TARGET = 12.0;
				LD_RUNPATH_SEARCH_PATHS = (
					"$(inherited)",
					"@executable_path/Frameworks",
				);
				PRODUCT_BUNDLE_IDENTIFIER = dev.jerosanchez.NYTFeedReader;
				PRODUCT_NAME = "$(TARGET_NAME)";
				SWIFT_VERSION = 5.0;
				TARGETED_DEVICE_FAMILY = 1;
			};
			name = Release;
		};
		CA2E8A7723C224110019E107 /* Debug */ = {
			isa = XCBuildConfiguration;
			baseConfigurationReference = 8301A3A75F03B76CE4E958C9 /* Pods-NYTFeedReaderTests.debug.xcconfig */;
			buildSettings = {
				ALWAYS_EMBED_SWIFT_STANDARD_LIBRARIES = YES;
				BUNDLE_LOADER = "$(TEST_HOST)";
				CODE_SIGN_STYLE = Automatic;
				DEVELOPMENT_TEAM = Z69GNQ6AMF;
				INFOPLIST_FILE = NYTFeedReaderTests/Info.plist;
				IPHONEOS_DEPLOYMENT_TARGET = 13.2;
				LD_RUNPATH_SEARCH_PATHS = (
					"$(inherited)",
					"@executable_path/Frameworks",
					"@loader_path/Frameworks",
				);
				PRODUCT_BUNDLE_IDENTIFIER = dev.jerosanchez.NYTFeedReaderTests;
				PRODUCT_NAME = "$(TARGET_NAME)";
				SWIFT_VERSION = 5.0;
				TARGETED_DEVICE_FAMILY = "1,2";
				TEST_HOST = "$(BUILT_PRODUCTS_DIR)/NYTFeedReader.app/NYTFeedReader";
			};
			name = Debug;
		};
		CA2E8A7823C224110019E107 /* Release */ = {
			isa = XCBuildConfiguration;
			baseConfigurationReference = B0151E8896ED2F9DCC54E3E3 /* Pods-NYTFeedReaderTests.release.xcconfig */;
			buildSettings = {
				ALWAYS_EMBED_SWIFT_STANDARD_LIBRARIES = YES;
				BUNDLE_LOADER = "$(TEST_HOST)";
				CODE_SIGN_STYLE = Automatic;
				DEVELOPMENT_TEAM = Z69GNQ6AMF;
				INFOPLIST_FILE = NYTFeedReaderTests/Info.plist;
				IPHONEOS_DEPLOYMENT_TARGET = 13.2;
				LD_RUNPATH_SEARCH_PATHS = (
					"$(inherited)",
					"@executable_path/Frameworks",
					"@loader_path/Frameworks",
				);
				PRODUCT_BUNDLE_IDENTIFIER = dev.jerosanchez.NYTFeedReaderTests;
				PRODUCT_NAME = "$(TARGET_NAME)";
				SWIFT_VERSION = 5.0;
				TARGETED_DEVICE_FAMILY = "1,2";
				TEST_HOST = "$(BUILT_PRODUCTS_DIR)/NYTFeedReader.app/NYTFeedReader";
			};
			name = Release;
		};
/* End XCBuildConfiguration section */

/* Begin XCConfigurationList section */
		CA2E8A4F23C224100019E107 /* Build configuration list for PBXProject "NYTFeedReader" */ = {
			isa = XCConfigurationList;
			buildConfigurations = (
				CA2E8A7123C224110019E107 /* Debug */,
				CA2E8A7223C224110019E107 /* Release */,
			);
			defaultConfigurationIsVisible = 0;
			defaultConfigurationName = Release;
		};
		CA2E8A7323C224110019E107 /* Build configuration list for PBXNativeTarget "NYTFeedReader" */ = {
			isa = XCConfigurationList;
			buildConfigurations = (
				CA2E8A7423C224110019E107 /* Debug */,
				CA2E8A7523C224110019E107 /* Release */,
			);
			defaultConfigurationIsVisible = 0;
			defaultConfigurationName = Release;
		};
		CA2E8A7623C224110019E107 /* Build configuration list for PBXNativeTarget "NYTFeedReaderTests" */ = {
			isa = XCConfigurationList;
			buildConfigurations = (
				CA2E8A7723C224110019E107 /* Debug */,
				CA2E8A7823C224110019E107 /* Release */,
			);
			defaultConfigurationIsVisible = 0;
			defaultConfigurationName = Release;
		};
/* End XCConfigurationList section */
	};
	rootObject = CA2E8A4C23C224100019E107 /* Project object */;
}
